<?xml version="1.0" encoding="utf-8"?>
<Project ToolsVersion="4.0" xmlns="http://schemas.microsoft.com/developer/msbuild/2003">
  <ItemGroup>
    <Filter Include="Note">
      <UniqueIdentifier>{99d24669-f8f9-466b-99cc-29751ff895d4}</UniqueIdentifier>
    </Filter>
    <Filter Include="Src">
      <UniqueIdentifier>{50c040ad-269e-4e9f-a64a-00f819be8b0c}</UniqueIdentifier>
    </Filter>
  </ItemGroup>
  <ItemGroup>
    <Text Include="Note\结构体.txt">
      <Filter>Note</Filter>
    </Text>
    <Text Include="Note\字符串.txt">
      <Filter>Note</Filter>
    </Text>
    <Text Include="cpp初始文本.txt">
      <Filter>Note</Filter>
    </Text>
  </ItemGroup>
  <ItemGroup>
    <ClCompile Include="Src\test.cpp">
      <Filter>Src</Filter>
    </ClCompile>
  </ItemGroup>
</Project>